commit	9868446a06dbf6686e26feac6a6f9365ad60563c	hisab	https://github.com/MacCracken/hisab.git	2.6.8
commit	d9dbb0239803421cbed430b00ea544f93516a27e	sakshi	https://github.com/MacCracken/sakshi.git	2.4.2
d9f3b17ddbbe1bba48917c3a679807b01c39c4a1ce776efdbdfbb7a1680e86e4  lib/tagged.cyr
b3bd7477cac799687a501e1849484d2c952fa4b4c394f3bcd318e181177c56e1  lib/net.cyr
d7a14f337a9e8c67ac95023cddf58614a21d8aacd2eb1736da798843ccf0deba  lib/syscalls_macos.cyr
783ecfc023d4161eb0b9d109f4e35935dde7ea5b0a99fa231212ae5608b019a4  lib/bayan.cyr
1f37b1a26c04b67b76191282bde9f4a2b3129286afaa9671f603e89f95be1006  lib/mmap.cyr
ae5617e74a5a6a792a50eefd8551a9ae5f76f85eddc3a495a10d03711aab9eb3  lib/math.cyr
f13dde26ce0a3509dec70fe0d0965ec784dfda55a9f54730eb1762a8c7f1fc96  lib/dynlib.cyr
8a3e4378e75eefbf7e6d8d098449dbe909f9b9b80a2a72624adb250eb4335c09  lib/str.cyr
fb7a0703e81b5f7dc6af4b90a6fc0b2fc3b0f1fb942f73611f13fe627d73cc93  lib/fdlopen.cyr
e7632c3e3b7584a976d595c15f9117df93069d65b40c90609222b0929da65172  lib/alloc_agnos.cyr
96d4903fd7c972a958986a54ca91c2228f781e6b80f7af06823d06952e31c1ff  lib/ganita.cyr
eba1c4e200833445ed8cc2ebde5b91e1fe7cabc8bdb078b06849f5c5fbb79b41  lib/async.cyr
1f96ccd5e7d46a49441aac6b00010b44b4470ef0319d5919f971bfe76effe0d1  lib/regression.cyr
f421d9a99161a3f9afb945c384d4a0261f0e89d11390a354c5e15f94891dd925  lib/ws_server.cyr
6481131d6647da9432f3dffe2ea2891ad2dfca2224e09d638bf1bb530113a168  lib/thread_agnos.cyr
eaeb24b8bfb35a1a7a002100c4894809ae05731a5f32bc96a141da4ae7aaa1e7  lib/alloc_macos.cyr
acbf37e24af05cfdd043733db630f2f4ab0a2b5bd984c111c381e271184329f1  lib/hashmap_fast.cyr
8c308fcc81558fb6048b7786d3c2e747831e857ecfd88c91751bd3e662c9ca73  lib/regression_agnos.cyr
c7b3bf5beebddc082d4fa643a7113deaf26d0fd80dd5cd70ba0e3c21671107d0  lib/fs_win.cyr
27c9752b70e797b43d30204e5077749526144495ba7021b1272067f3236d81f9  lib/args_agnos.cyr
17da1a84ea09620067a04004c267e1d0a2adf0470981c086aeae07ae4136ac51  lib/freelist.cyr
8d024d099db0a3243d4817e5bbf30d8ac6bc38e89c2037fbdb8ae01e553c9db4  lib/sakshi.cyr
096eabc580c807f3e378fbe56058780a28cdf95b9c70b44672bca0a71cf969f6  lib/ct.cyr
7b045871f231519e65f28a4b7abfbae6dd8e586ce03053fd367b3a119e8303c9  lib/atomic.cyr
ff14f0d7999956754937f612c0aa60719c138f0967a81019cf99e08aae088087  lib/string.cyr
29a44a0c507b82272c825ada25d56121cd05510bff0bb98c2693c963dfb7071b  lib/process.cyr
31626715999cbbbf4cb785e033c4acbd2f69fc74c5590bbfd5fc15236510df85  lib/alloc.cyr
30001b531c2d1886af380e77ac2b22b97af5eca58334de9065d5fc5cec23ae1e  lib/sigil.cyr
a919dcd91c8a6e572dd22fa52075abb00efa7981ea8d463aa20aa9d1baa9b560  lib/sandhi.cyr
ebae7da6892967158433e583f2f6eb2f957d5f13e4b6a266a2c5cd8b1237b45a  lib/syscalls_x86_64_linux.cyr
ea9a33432917f588b9efe00f04a8f963089805fa3968ba88ae43b32d2a0a1a6a  lib/syscalls_x86_64_agnos.cyr
150bb9efad587ae139d8df81d62c7578c8ab20d3c6964004908929657b597c12  lib/fmt.cyr
aeddbc2a926ceb30164f6e023b824a605af38db853eb29b4a8d967c2da6e0a53  lib/tls.cyr
84611780a6809901b0e76fd2debb7bd089df8fb290901814bc06a38585eca359  lib/assert.cyr
619f0bce74b6b1ec0acf8ce3ed6839fe0a7c043bf16af6bae4e06f5e492af874  lib/args.cyr
c183908dd1904c574ac20960428b4c4f63a36fb4d18a76895d5f34ca0cfc99ca  lib/tls_native.cyr
2d4e4d3c902703abe307a598e3368da133daac9dbb7dde208461959d203e3caf  lib/chrono.cyr
dd083116c877c777f44f0d9e754dde477f6f42e99d5399fdc9e15ae4cf6fb06f  lib/tls_native_lowlevel.cyr
861dedc4d9c07fcf1e431551e469890953a1b02e321354585742c1ed281a9fcf  lib/syscalls.cyr
d496ea7657da7cd7275c4cccbcbc5422adc79e43d513a065fcda86bf23a87384  lib/thread_local.cyr
bd63b07681c88830f82749303a490ed557df70999b60184a8f7b811f15735823  lib/tls_native_keysched.cyr
be905dd172bb49be11a97c0c89444fabc790d9bd25a95957363e713f1e5eb309  lib/alloc_windows.cyr
21ed1fcce7fcc4168e5bc0eb6224da1e26390dbc617ff48c68bacb8e4722cedb  lib/thread_win.cyr
8e145095d964ff515afe448aacdea404d7def8170091f8b31071921c191e901a  lib/thread.cyr
f7b9d52f29de6d3d633962ccc765a76637091a7256eebc1da5547530eed2c44b  lib/args_win.cyr
03b00c6f58f54f690505d94bc6d173c0e4ec64e709288f43939fbc7f756847ce  lib/process_agnos.cyr
de007db716c765556beff5293726d099a7368fb0b48cfa23423e25b070d4bbc3  lib/syscalls_aarch64_linux.cyr
8af62caaa9cdd96bca338a5587526a275a0e36dbfc33066febf81498321f9bb1  lib/bench.cyr
bbe05c67be5b0a80c255f58aa10328c81ee1ec4ed8bca5944aa4cd4072c53fb2  lib/ws.cyr
d92ff4792807dc72b02089a244ce2ada7f5dfcae5ca73c4a667c574ae8d06cf9  lib/hisab.cyr
aea2383e6fd828de155879b55ab954732f0e45eb6febaebdc03650e952c4d093  lib/async_agnos.cyr
543be460c6d2a9922e47f4dafb4fae981802f74827b935d4ec9dadb35870cb43  lib/keccak.cyr
21b573de672e2b7a2d281e3d3e071a1de884f5c8a78a752fa5585bf97b3b6a98  lib/http.cyr
19bcb006802c5d158ce1b9e0090a07da7e4d1092236f9850c61ebcbf294021c4  lib/vec.cyr
6a987c9bd5278a0e0895ea8a97ad502db7b59d670537676d42eba22241d168bd  lib/fs.cyr
34460df54170e0cc60ec3cd78c221f14bfab015e3f6b48e966178ae854f65084  lib/io.cyr
1fe386009b4001573c4111d1852468db6215e8223ef637ecb85881fbe56f1153  lib/tls_native_hs12.cyr
9fd6444e8cfcf7950837e955473adc5bab6d7bf4fa2c15f8ce2578360c4100eb  lib/hashmap.cyr
f39294af5dc32bec02ec7d2204ca82033abe4f4bafc78e9be792eb178132e244  lib/fnptr.cyr
4b4c166ac62e9f018c1e0d42d0f115a22cb494e83fbbf6118ec481d01975e155  lib/syscalls_windows.cyr
38750346c6b2b97445c25aa3cc85df572379209d86c260499518fdeb3897ccb6  lib/tls_native_hs13.cyr
de4598e4862fdc8d02195688b9aacc91e888d5f6b85d9fac08f4b7af9daaca19  lib/random.cyr
15d2527da5f533b0a96bdc5c10cb894836f1c95f4b9d88342a6ce9dc4f61acc8  lib/tls_native_conn.cyr
d675375b2c3929fc0a8dadc2fb79faaa1f43e7ddb49cb1e111d9e7abcb207787  lib/callback.cyr
adc7a17efb71a262cf322ca99050ff28d364b4c8117f1512fac384c3c2aae81d  lib/syscalls_linux_common.cyr
fd835cd0589ec75fb4a57e4f91fd29b8dc421dd524f5b80fd19635ee76047be1  lib/process_win.cyr
d64b87c0794e921dd8a5c199ff9777b7cccca5c109adcc6556b26487251db8ec  lib/args_macos.cyr
cd68fef4b0c27bf7f66f5751c5ffc230e36245cfd951d2d22b455b254dd4272a  lib/tls_native_ctx.cyr
bf99f1f02ef990694c35be2f27fdaf3ec06ee9c3a546f4c8f9e06970f90fb9c1  lib/result.cyr
